{
  "lockfile_version": "1",
  "packages": {
    "github:NixOS/nixpkgs/nixpkgs-unstable": {
      "last_modified": "2025-09-24T08:19:39Z",
      "resolved": "github:NixOS/nixpkgs/e2642aa7d5a15eae586932a56f4294934f959c14?lastModified=1758701979&narHash=sha256-c7DUti3XM1aga8oVgaPnrVmEeCFtN9PaBxyNuqx8jPc%3D"
    },
    "pkgconf@latest": {
      "last_modified": "2025-09-18T16:33:27Z",
      "resolved": "github:NixOS/nixpkgs/f4b140d5b253f5e2a1ff4e5506edbf8267724bde#pkgconf",
      "source": "devbox-search",
      "version": "2.4.3",
      "systems": {
        "aarch64-darwin": {
          "outputs": [
            {
              "name": "out",
              "path": "/nix/store/3m1pxpp6mmygcsmfkcdm8ilb9rmlwl73-pkgconf-wrapper-2.4.3",
              "default": true
            },
            {
              "name": "man",
              "path": "/nix/store/wxfhr42czigr07v0hc7z3a70v6z6kzrq-pkgconf-wrapper-2.4.3-man",
              "default": true
            },
            {
              "name": "doc",
              "path": "/nix/store/flxmxlx5yngm9iahiaqxs9yssifqlb0s-pkgconf-wrapper-2.4.3-doc"
            }
          ],
          "store_path": "/nix/store/3m1pxpp6mmygcsmfkcdm8ilb9rmlwl73-pkgconf-wrapper-2.4.3"
        },
        "aarch64-linux": {
          "outputs": [
            {
              "name": "out",
              "path": "/nix/store/a6dz1nlij42svhps4ks0b7r0byhxi15i-pkgconf-wrapper-2.4.3",
              "default": true
            },
            {
              "name": "man",
              "path": "/nix/store/6h4gdhgyd5dg95pwwpzf8m2j8zzk6hfy-pkgconf-wrapper-2.4.3-man",
              "default": true
            },
            {
              "name": "doc",
              "path": "/nix/store/hgkjq5603abx9rwj11syrwzc2j4p34fq-pkgconf-wrapper-2.4.3-doc"
            }
          ],
          "store_path": "/nix/store/a6dz1nlij42svhps4ks0b7r0byhxi15i-pkgconf-wrapper-2.4.3"
        },
        "x86_64-darwin": {
          "outputs": [
            {
              "name": "out",
              "path": "/nix/store/d81wrf9kj80iqkqp9yp06jmpqbjqdd9r-pkgconf-wrapper-2.4.3",
              "default": true
            },
            {
              "name": "man",
              "path": "/nix/store/3lp94590v7pl6w72i6abplky5kx5v4n7-pkgconf-wrapper-2.4.3-man",
              "default": true
            },
            {
              "name": "doc",
              "path": "/nix/store/s6ifvb059132y92mzqqrna22zjncq9js-pkgconf-wrapper-2.4.3-doc"
            }
          ],
          "store_path": "/nix/store/d81wrf9kj80iqkqp9yp06jmpqbjqdd9r-pkgconf-wrapper-2.4.3"
        },
        "x86_64-linux": {
          "outputs": [
            {
              "name": "out",
              "path": "/nix/store/8jqc8ncn0whif781s3124cjsndfhkmid-pkgconf-wrapper-2.4.3",
              "default": true
            },
            {
              "name": "man",
              "path": "/nix/store/k3fabn4ms19p23wqavm7c3akc7cc3b7r-pkgconf-wrapper-2.4.3-man",
              "default": true
            },
            {
              "name": "doc",
              "path": "/nix/store/8x9xcfr5pqhlh14rlvw1zqhqa83ryghg-pkgconf-wrapper-2.4.3-doc"
            }
          ],
          "store_path": "/nix/store/8jqc8ncn0whif781s3124cjsndfhkmid-pkgconf-wrapper-2.4.3"
        }
      }
    },
    "python310Packages.netifaces@0.11.0": {
      "last_modified": "2023-12-13T22:54:10Z",
      "resolved": "github:NixOS/nixpkgs/fd04bea4cbf76f86f244b9e2549fca066db8ddff#python310Packages.netifaces",
      "source": "devbox-search",
      "version": "0.11.0",
      "systems": {
        "aarch64-darwin": {
          "outputs": [
            {
              "name": "out",
              "path": "/nix/store/knfid75a1wj15wqk8h1qqkf930zmnfrd-python3.10-netifaces-0.11.0",
              "default": true
            },
            {
              "name": "dist",
              "path": "/nix/store/3j91rnr8nsc8haa2fmbrpxq9x29qykf1-python3.10-netifaces-0.11.0-dist"
            }
          ],
          "store_path": "/nix/store/knfid75a1wj15wqk8h1qqkf930zmnfrd-python3.10-netifaces-0.11.0"
        },
        "aarch64-linux": {
          "outputs": [
            {
              "name": "out",
              "path": "/nix/store/xin387n84pf0p0jpkmqd5422yiwn34am-python3.10-netifaces-0.11.0",
              "default": true
            },
            {
              "name": "dist",
              "path": "/nix/store/xh8sjfby6gyags7s1cis17654m2y90ys-python3.10-netifaces-0.11.0-dist"
            }
          ],
          "store_path": "/nix/store/xin387n84pf0p0jpkmqd5422yiwn34am-python3.10-netifaces-0.11.0"
        },
        "x86_64-darwin": {
          "outputs": [
            {
              "name": "out",
              "path": "/nix/store/bvja189binsdny6f2a4y7s7wx0f5nj6w-python3.10-netifaces-0.11.0",
              "default": true
            },
            {
              "name": "dist",
              "path": "/nix/store/1m3g8zk69v0083qiijwigway69ca9msc-python3.10-netifaces-0.11.0-dist"
            }
          ],
          "store_path": "/nix/store/bvja189binsdny6f2a4y7s7wx0f5nj6w-python3.10-netifaces-0.11.0"
        },
        "x86_64-linux": {
          "outputs": [
            {
              "name": "out",
              "path": "/nix/store/2gm9jc5acfjk6b8mx6klryslbsl8fk0r-python3.10-netifaces-0.11.0",
              "default": true
            },
            {
              "name": "dist",
              "path": "/nix/store/rgmb2jigggscs6baq53b1wwfbiqb01sk-python3.10-netifaces-0.11.0-dist"
            }
          ],
          "store_path": "/nix/store/2gm9jc5acfjk6b8mx6klryslbsl8fk0r-python3.10-netifaces-0.11.0"
        }
      }
    },
    "python310Packages.psutil@5.9.6": {
      "last_modified": "2023-12-13T22:54:10Z",
      "resolved": "github:NixOS/nixpkgs/fd04bea4cbf76f86f244b9e2549fca066db8ddff#python310Packages.psutil",
      "source": "devbox-search",
      "version": "5.9.6",
      "systems": {
        "aarch64-darwin": {
          "outputs": [
            {
              "name": "out",
              "path": "/nix/store/rz4zpihr463ga16l81wsdfbdpx0rxv8l-python3.10-psutil-5.9.6",
              "default": true
            },
            {
              "name": "dist",
              "path": "/nix/store/ziqcn1wcff0ykriw4svw69hqjvw06xdr-python3.10-psutil-5.9.6-dist"
            }
          ],
          "store_path": "/nix/store/rz4zpihr463ga16l81wsdfbdpx0rxv8l-python3.10-psutil-5.9.6"
        },
        "aarch64-linux": {
          "outputs": [
            {
              "name": "out",
              "path": "/nix/store/3mb8b52kf3xlbdjmkklv2ln7cvzw0g5g-python3.10-psutil-5.9.6",
              "default": true
            },
            {
              "name": "dist",
              "path": "/nix/store/8f66jjyn12vrvm1ziql0f35f6jh2985j-python3.10-psutil-5.9.6-dist"
            }
          ],
          "store_path": "/nix/store/3mb8b52kf3xlbdjmkklv2ln7cvzw0g5g-python3.10-psutil-5.9.6"
        },
        "x86_64-darwin": {
          "outputs": [
            {
              "name": "out",
              "path": "/nix/store/vxnnhds1scvald27bmswzzcrj7j85sq0-python3.10-psutil-5.9.6",
              "default": true
            },
            {
              "name": "dist",
              "path": "/nix/store/kmahlnynvfdgzdx8r90v8ybzgijnldn5-python3.10-psutil-5.9.6-dist"
            }
          ],
          "store_path": "/nix/store/vxnnhds1scvald27bmswzzcrj7j85sq0-python3.10-psutil-5.9.6"
        },
        "x86_64-linux": {
          "outputs": [
            {
              "name": "out",
              "path": "/nix/store/wwx6pa9f5nwwrfq95sl4ysyizdwl27rn-python3.10-psutil-5.9.6",
              "default": true
            },
            {
              "name": "dist",
              "path": "/nix/store/n371sgwlqxacv8q9sahk8w2459phjg0w-python3.10-psutil-5.9.6-dist"
            }
          ],
          "store_path": "/nix/store/wwx6pa9f5nwwrfq95sl4ysyizdwl27rn-python3.10-psutil-5.9.6"
        }
      }
    },
    "python310Packages.pysimplegui@4.60.5": {
      "last_modified": "2023-12-13T22:54:10Z",
      "resolved": "github:NixOS/nixpkgs/fd04bea4cbf76f86f244b9e2549fca066db8ddff#python310Packages.pysimplegui",
      "source": "devbox-search",
      "version": "4.60.5",
      "systems": {
        "aarch64-darwin": {
          "outputs": [
            {
              "name": "out",
              "path": "/nix/store/w2x91x41r6l3r3pv1avfifs1nynbyrmq-python3.10-pysimplegui-4.60.5",
              "default": true
            },
            {
              "name": "dist",
              "path": "/nix/store/r1rrwwcja7vfhi8rqv48iixss3d50r44-python3.10-pysimplegui-4.60.5-dist"
            }
          ],
          "store_path": "/nix/store/w2x91x41r6l3r3pv1avfifs1nynbyrmq-python3.10-pysimplegui-4.60.5"
        },
        "aarch64-linux": {
          "outputs": [
            {
              "name": "out",
              "path": "/nix/store/09msq686g2dbmczf51ynl4d262qg5jkm-python3.10-pysimplegui-4.60.5",
              "default": true
            },
            {
              "name": "dist",
              "path": "/nix/store/waqfsvl7sd8m485yl379xg7kbww0vs8f-python3.10-pysimplegui-4.60.5-dist"
            }
          ],
          "store_path": "/nix/store/09msq686g2dbmczf51ynl4d262qg5jkm-python3.10-pysimplegui-4.60.5"
        },
        "x86_64-darwin": {
          "outputs": [
            {
              "name": "out",
              "path": "/nix/store/5mj4kn297arx7v5z1r0sjazgi0l98vcv-python3.10-pysimplegui-4.60.5",
              "default": true
            },
            {
              "name": "dist",
              "path": "/nix/store/apnpiz0svr9njrx33nm679pd824asiav-python3.10-pysimplegui-4.60.5-dist"
            }
          ],
          "store_path": "/nix/store/5mj4kn297arx7v5z1r0sjazgi0l98vcv-python3.10-pysimplegui-4.60.5"
        },
        "x86_64-linux": {
          "outputs": [
            {
              "name": "out",
              "path": "/nix/store/mq0pam0wydshg5c1nli6bw3v40s5xlq6-python3.10-pysimplegui-4.60.5",
              "default": true
            },
            {
              "name": "dist",
              "path": "/nix/store/9yp4rivqmhjvc44zpff42wadinhsvasq-python3.10-pysimplegui-4.60.5-dist"
            }
          ],
          "store_path": "/nix/store/mq0pam0wydshg5c1nli6bw3v40s5xlq6-python3.10-pysimplegui-4.60.5"
        }
      }
    },
    "python310Packages.pyyaml@6.0.1": {
      "last_modified": "2023-12-13T22:54:10Z",
      "resolved": "github:NixOS/nixpkgs/fd04bea4cbf76f86f244b9e2549fca066db8ddff#python310Packages.pyyaml",
      "source": "devbox-search",
      "version": "6.0.1",
      "systems": {
        "aarch64-darwin": {
          "outputs": [
            {
              "name": "out",
              "path": "/nix/store/fc011ysml5rg2rlr7jblgdapx6lqfiv0-python3.10-pyyaml-6.0.1",
              "default": true
            },
            {
              "name": "dist",
              "path": "/nix/store/i8lp6a2smqhp7mlgmn4g8vnhnvnvgisg-python3.10-pyyaml-6.0.1-dist"
            }
          ],
          "store_path": "/nix/store/fc011ysml5rg2rlr7jblgdapx6lqfiv0-python3.10-pyyaml-6.0.1"
        },
        "aarch64-linux": {
          "outputs": [
            {
              "name": "out",
              "path": "/nix/store/s2lfgvahlxvss1dzf4gpqpgz1jvrafpj-python3.10-pyyaml-6.0.1",
              "default": true
            },
            {
              "name": "dist",
              "path": "/nix/store/rkghd5sai2k934f0d8xacp6gvs4zbdml-python3.10-pyyaml-6.0.1-dist"
            }
          ],
          "store_path": "/nix/store/s2lfgvahlxvss1dzf4gpqpgz1jvrafpj-python3.10-pyyaml-6.0.1"
        },
        "x86_64-darwin": {
          "outputs": [
            {
              "name": "out",
              "path": "/nix/store/rlzy624j1rk2qkdb6nlm27cfw1iq7kip-python3.10-pyyaml-6.0.1",
              "default": true
            },
            {
              "name": "dist",
              "path": "/nix/store/sim052w9bbjam04c3ahznkd4j4v3if0r-python3.10-pyyaml-6.0.1-dist"
            }
          ],
          "store_path": "/nix/store/rlzy624j1rk2qkdb6nlm27cfw1iq7kip-python3.10-pyyaml-6.0.1"
        },
        "x86_64-linux": {
          "outputs": [
            {
              "name": "out",
              "path": "/nix/store/pa9k6hxg9rdd29ncjmyrw4593w4zdqqa-python3.10-pyyaml-6.0.1",
              "default": true
            },
            {
              "name": "dist",
              "path": "/nix/store/ya0403qgccdxkgq9dgahydgdkmq0gwd7-python3.10-pyyaml-6.0.1-dist"
            }
          ],
          "store_path": "/nix/store/pa9k6hxg9rdd29ncjmyrw4593w4zdqqa-python3.10-pyyaml-6.0.1"
        }
      }
    },
    "python310Packages.tkinter@3.10.12": {
      "last_modified": "2023-09-27T18:02:17Z",
      "resolved": "github:NixOS/nixpkgs/517501bcf14ae6ec47efd6a17dda0ca8e6d866f9#python310Packages.tkinter",
      "source": "devbox-search",
      "version": "3.10.12",
      "systems": {
        "aarch64-darwin": {
          "outputs": [
            {
              "name": "out",
              "path": "/nix/store/rlnqvjb9dr4c4fzig1wpychd228vsqdw-python3.10-tkinter-3.10.12",
              "default": true
            }
          ],
          "store_path": "/nix/store/rlnqvjb9dr4c4fzig1wpychd228vsqdw-python3.10-tkinter-3.10.12"
        },
        "aarch64-linux": {
          "outputs": [
            {
              "name": "out",
              "path": "/nix/store/x731bjf68gnzzw2ygd5z053sxdg15f1f-python3.10-tkinter-3.10.12",
              "default": true
            }
          ],
          "store_path": "/nix/store/x731bjf68gnzzw2ygd5z053sxdg15f1f-python3.10-tkinter-3.10.12"
        },
        "x86_64-darwin": {
          "outputs": [
            {
              "name": "out",
              "path": "/nix/store/711blvz8ka120c4nn5s5j1g39qyl3h47-python3.10-tkinter-3.10.12",
              "default": true
            }
          ],
          "store_path": "/nix/store/711blvz8ka120c4nn5s5j1g39qyl3h47-python3.10-tkinter-3.10.12"
        },
        "x86_64-linux": {
          "outputs": [
            {
              "name": "out",
              "path": "/nix/store/6gdg956cpiw6jsw95v8qwgcyci92xnay-python3.10-tkinter-3.10.12",
              "default": true
            }
          ],
          "store_path": "/nix/store/6gdg956cpiw6jsw95v8qwgcyci92xnay-python3.10-tkinter-3.10.12"
        }
      }
    },
    "python@3.10.12": {
      "last_modified": "2023-10-06T07:35:11Z",
      "plugin_version": "0.0.4",
      "resolved": "github:NixOS/nixpkgs/a2eb207f45e4a14a1e3019d9e3863d1e208e2295#python3",
      "source": "devbox-search",
      "version": "3.10.12",
      "systems": {
        "aarch64-darwin": {
          "outputs": [
            {
              "name": "out",
              "path": "/nix/store/g5cm6iik6p4k39cj9k7a6sg2p09hl7wf-python3-3.10.12",
              "default": true
            }
          ],
          "store_path": "/nix/store/g5cm6iik6p4k39cj9k7a6sg2p09hl7wf-python3-3.10.12"
        },
        "aarch64-linux": {
          "outputs": [
            {
              "name": "out",
              "path": "/nix/store/idpjrasbr9n8kij11s5mphrw770sf13s-python3-3.10.12",
              "default": true
            },
            {
              "name": "debug",
              "path": "/nix/store/pyjbwvs0337a1vmaja722057panznrml-python3-3.10.12-debug"
            }
          ],
          "store_path": "/nix/store/idpjrasbr9n8kij11s5mphrw770sf13s-python3-3.10.12"
        },
        "x86_64-darwin": {
          "outputs": [
            {
              "name": "out",
              "path": "/nix/store/aa3nnkfyif67k6861vd77g4cm4rgbqh8-python3-3.10.12",
              "default": true
            }
          ],
          "store_path": "/nix/store/aa3nnkfyif67k6861vd77g4cm4rgbqh8-python3-3.10.12"
        },
        "x86_64-linux": {
          "outputs": [
            {
              "name": "out",
              "path": "/nix/store/pzf6dnxg8gf04xazzjdwarm7s03cbrgz-python3-3.10.12",
              "default": true
            },
            {
              "name": "debug",
              "path": "/nix/store/v822zrmrbxk0xfv34m1d8px22w4jvn05-python3-3.10.12-debug"
            }
          ],
          "store_path": "/nix/store/pzf6dnxg8gf04xazzjdwarm7s03cbrgz-python3-3.10.12"
        }
      }
    },
    "ruff@0.12.10": {
      "last_modified": "2025-09-18T16:33:27Z",
      "resolved": "github:NixOS/nixpkgs/f4b140d5b253f5e2a1ff4e5506edbf8267724bde#ruff",
      "source": "devbox-search",
      "version": "0.12.10",
      "systems": {
        "aarch64-darwin": {
          "outputs": [
            {
              "name": "out",
              "path": "/nix/store/x0bw6ng4439wn8snvhf0gfbyllpw2c3y-ruff-0.12.10",
              "default": true
            }
          ],
          "store_path": "/nix/store/x0bw6ng4439wn8snvhf0gfbyllpw2c3y-ruff-0.12.10"
        },
        "aarch64-linux": {
          "outputs": [
            {
              "name": "out",
              "path": "/nix/store/jldy883qg0hg4fjqjbdgpvxc14hnrv07-ruff-0.12.10",
              "default": true
            }
          ],
          "store_path": "/nix/store/jldy883qg0hg4fjqjbdgpvxc14hnrv07-ruff-0.12.10"
        },
        "x86_64-darwin": {
          "outputs": [
            {
              "name": "out",
              "path": "/nix/store/nrpd9i0ynmzxz3pslkid1qigm82ml26i-ruff-0.12.10",
              "default": true
            }
          ],
          "store_path": "/nix/store/nrpd9i0ynmzxz3pslkid1qigm82ml26i-ruff-0.12.10"
        },
        "x86_64-linux": {
          "outputs": [
            {
              "name": "out",
              "path": "/nix/store/zjiz7z2r425qlyza4w13hzbjanxpd1wr-ruff-0.12.10",
              "default": true
            }
          ],
          "store_path": "/nix/store/zjiz7z2r425qlyza4w13hzbjanxpd1wr-ruff-0.12.10"
        }
      }
    },
    "tzdata@2025b": {
      "last_modified": "2025-09-18T16:33:27Z",
      "resolved": "github:NixOS/nixpkgs/f4b140d5b253f5e2a1ff4e5506edbf8267724bde#tzdata",
      "source": "devbox-search",
      "version": "2025b",
      "systems": {
        "aarch64-darwin": {
          "outputs": [
            {
              "name": "out",
              "path": "/nix/store/b8ybv023s12xxqgpkl0c5mv8jcl88y15-tzdata-2025b",
              "default": true
            },
            {
              "name": "bin",
              "path": "/nix/store/lpcphqaif12hyrzxwrzxgy49zcmp4a64-tzdata-2025b-bin",
              "default": true
            },
            {
              "name": "man",
              "path": "/nix/store/jfa6lpgj83r2l2s2cjm6cl17m69lf78r-tzdata-2025b-man",
              "default": true
            },
            {
              "name": "dev",
              "path": "/nix/store/k3ig81s5mfzsj7q6nhwycqwbvirajl32-tzdata-2025b-dev"
            }
          ],
          "store_path": "/nix/store/b8ybv023s12xxqgpkl0c5mv8jcl88y15-tzdata-2025b"
        },
        "aarch64-linux": {
          "outputs": [
            {
              "name": "out",
              "path": "/nix/store/p9p8g4z4rm57fgdpp3rnyv3zc0flldvr-tzdata-2025b",
              "default": true
            },
            {
              "name": "bin",
              "path": "/nix/store/6l3h0fs56ca9ns9zifqywp42yc2kxi43-tzdata-2025b-bin",
              "default": true
            },
            {
              "name": "man",
              "path": "/nix/store/byjwkd2b5zvi3w16kz3xynwgkzwmh5mk-tzdata-2025b-man",
              "default": true
            },
            {
              "name": "dev",
              "path": "/nix/store/adfmxbsqyd58kghd94a58m60r4vjwn49-tzdata-2025b-dev"
            }
          ],
          "store_path": "/nix/store/p9p8g4z4rm57fgdpp3rnyv3zc0flldvr-tzdata-2025b"
        },
        "x86_64-darwin": {
          "outputs": [
            {
              "name": "out",
              "path": "/nix/store/pxi2pw5dwybszsy1lbv32v0i8r6q0ysd-tzdata-2025b",
              "default": true
            },
            {
              "name": "bin",
              "path": "/nix/store/pcv7g4hmw1dlvkjy612lvslzx2y4mf5f-tzdata-2025b-bin",
              "default": true
            },
            {
              "name": "man",
              "path": "/nix/store/wmlvz99y04nl8qmxsfg8dh8aywwln0a5-tzdata-2025b-man",
              "default": true
            },
            {
              "name": "dev",
              "path": "/nix/store/5syxk4w1xhs8k8x929bfickv9vmb7yyv-tzdata-2025b-dev"
            }
          ],
          "store_path": "/nix/store/pxi2pw5dwybszsy1lbv32v0i8r6q0ysd-tzdata-2025b"
        },
        "x86_64-linux": {
          "outputs": [
            {
              "name": "out",
              "path": "/nix/store/795l5yj7fa6wqdkknhgja1n46y441qyp-tzdata-2025b",
              "default": true
            },
            {
              "name": "bin",
              "path": "/nix/store/bhc29n5zxr5a5p086rygd2vrp3ycgbz0-tzdata-2025b-bin",
              "default": true
            },
            {
              "name": "man",
              "path": "/nix/store/adcni7ndwg824vh8yaprp1mii3292jqx-tzdata-2025b-man",
              "default": true
            },
            {
              "name": "dev",
              "path": "/nix/store/dibyzz5gsq02aw9kwqb2c94hj0agxd68-tzdata-2025b-dev"
            }
          ],
          "store_path": "/nix/store/795l5yj7fa6wqdkknhgja1n46y441qyp-tzdata-2025b"
        }
      }
    },
    "udev@252.5": {
      "last_modified": "2023-02-24T09:01:09Z",
      "resolved": "github:NixOS/nixpkgs/7d0ed7f2e5aea07ab22ccb338d27fbe347ed2f11#udev",
      "source": "devbox-search",
      "version": "252.5",
      "systems": {
        "x86_64-linux": {
          "outputs": [
            {
              "path": "/nix/store/xhdxx70inipwzif62dq7m3p3acpq9hcg-systemd-252.5",
              "default": true
            },
            {
              "name": "man",
              "path": "/nix/store/jh94kkwx93a0sl50jkidghphw1ja5871-systemd-252.5-man",
              "default": true
            }
          ]
        }
      }
    }
  }
}
